
Microsoft Visual Studio Solution File, Format Version 12.00
# Visual Studio Version 16
VisualStudioVersion = 16.0.32106.194
MinimumVisualStudioVersion = 10.0.40219.1
Project("{FAE04EC0-301F-11D3-BF4B-00C04F79EFBC}") = "BookShop", "BookShop\BookShop.csproj", "{0EDB9F8A-1116-4B07-B5F8-DBA445B1C66D}"
EndProject
Global
	GlobalSection(SolutionConfigurationPlatforms) = preSolution
		Debug|Any CPU = Debug|Any CPU
		Release|Any CPU = Release|Any CPU
	EndGlobalSection
	GlobalSection(ProjectConfigurationPlatforms) = postSolution
		{0EDB9F8A-1116-4B07-B5F8-DBA445B1C66D}.Debug|Any CPU.ActiveCfg = Debug|Any CPU
		{0EDB9F8A-1116-4B07-B5F8-DBA445B1C66D}.Debug|Any CPU.Build.0 = Debug|Any CPU
		{0EDB9F8A-1116-4B07-B5F8-DBA445B1C66D}.Release|Any CPU.ActiveCfg = Release|Any CPU
		{0EDB9F8A-1116-4B07-B5F8-DBA445B1C66D}.Release|Any CPU.Build.0 = Release|Any CPU
	EndGlobalSection
	GlobalSection(SolutionProperties) = preSolution
		HideSolutionNode = FALSE
	EndGlobalSection
	GlobalSection(ExtensibilityGlobals) = postSolution
		SolutionGuid = {2191A137-64E6-4348-9A0D-318444FB087E}
	EndGlobalSection
EndGlobal
